
Microsoft Visual Studio Solution File, Format Version 12.00
# Visual Studio Version 17
VisualStudioVersion = 17.9.34902.65
MinimumVisualStudioVersion = 10.0.40219.1
Project("{888888A0-9F3D-457C-B088-3A5042F75D52}") = "KatavanBottle", "KatavanBottle\KatavanBottle.pyproj", "{348FD27E-4DE0-497E-AC11-80DA43D66D05}"
EndProject
Global
	GlobalSection(SolutionConfigurationPlatforms) = preSolution
		Debug|Any CPU = Debug|Any CPU
		Release|Any CPU = Release|Any CPU
	EndGlobalSection
	GlobalSection(ProjectConfigurationPlatforms) = postSolution
		{348FD27E-4DE0-497E-AC11-80DA43D66D05}.Debug|Any CPU.ActiveCfg = Debug|Any CPU
		{348FD27E-4DE0-497E-AC11-80DA43D66D05}.Debug|Any CPU.Build.0 = Debug|Any CPU
		{348FD27E-4DE0-497E-AC11-80DA43D66D05}.Release|Any CPU.ActiveCfg = Release|Any CPU
		{348FD27E-4DE0-497E-AC11-80DA43D66D05}.Release|Any CPU.Build.0 = Release|Any CPU
	EndGlobalSection
	GlobalSection(SolutionProperties) = preSolution
		HideSolutionNode = FALSE
	EndGlobalSection
	GlobalSection(ExtensibilityGlobals) = postSolution
		SolutionGuid = {E98BC5CA-4AFD-481C-9A63-D99FA70F6EFF}
	EndGlobalSection
EndGlobal
